
Microsoft Visual Studio Solution File, Format Version 12.00
# Visual Studio Version 17
VisualStudioVersion = 17.5.002.0
MinimumVisualStudioVersion = 10.0.40219.1
Project("{9A19103F-16F7-4668-BE54-9A1E7A4F7556}") = "DateValidator", "DateValidator.csproj", "{BB12889D-D106-4003-AAA2-3B101B211981}"
EndProject
Global
	GlobalSection(SolutionConfigurationPlatforms) = preSolution
		Debug|Any CPU = Debug|Any CPU
		Release|Any CPU = Release|Any CPU
	EndGlobalSection
	GlobalSection(ProjectConfigurationPlatforms) = postSolution
		{BB12889D-D106-4003-AAA2-3B101B211981}.Debug|Any CPU.ActiveCfg = Debug|Any CPU
		{BB12889D-D106-4003-AAA2-3B101B211981}.Debug|Any CPU.Build.0 = Debug|Any CPU
		{BB12889D-D106-4003-AAA2-3B101B211981}.Release|Any CPU.ActiveCfg = Release|Any CPU
		{BB12889D-D106-4003-AAA2-3B101B211981}.Release|Any CPU.Build.0 = Release|Any CPU
	EndGlobalSection
	GlobalSection(SolutionProperties) = preSolution
		HideSolutionNode = FALSE
	EndGlobalSection
	GlobalSection(ExtensibilityGlobals) = postSolution
		SolutionGuid = {E7231CE4-881E-46F6-A7E7-42705134BE9A}
	EndGlobalSection
EndGlobal
